
Microsoft Visual Studio Solution File, Format Version 12.00
# Visual Studio for Mac
Project("{FAE04EC0-301F-11D3-BF4B-00C04F79EFBC}") = "Assembly-CSharp", "Assembly-CSharp.csproj", "{A5E369D4-7E1D-7424-C5AC-5345B5A77EBF}"
EndProject
Project("{FAE04EC0-301F-11D3-BF4B-00C04F79EFBC}") = "Assembly-CSharp-Editor", "Assembly-CSharp-Editor.csproj", "{5C3E92DC-720F-B2A4-EF25-9B35B7478824}"
EndProject
Global
	GlobalSection(SolutionConfigurationPlatforms) = preSolution
		Debug|Any CPU = Debug|Any CPU
		Release|Any CPU = Release|Any CPU
	EndGlobalSection
	GlobalSection(ProjectConfigurationPlatforms) = postSolution
		{A5E369D4-7E1D-7424-C5AC-5345B5A77EBF}.Debug|Any CPU.ActiveCfg = Debug|Any CPU
		{A5E369D4-7E1D-7424-C5AC-5345B5A77EBF}.Debug|Any CPU.Build.0 = Debug|Any CPU
		{A5E369D4-7E1D-7424-C5AC-5345B5A77EBF}.Release|Any CPU.ActiveCfg = Release|Any CPU
		{A5E369D4-7E1D-7424-C5AC-5345B5A77EBF}.Release|Any CPU.Build.0 = Release|Any CPU
		{5C3E92DC-720F-B2A4-EF25-9B35B7478824}.Debug|Any CPU.ActiveCfg = Debug|Any CPU
		{5C3E92DC-720F-B2A4-EF25-9B35B7478824}.Debug|Any CPU.Build.0 = Debug|Any CPU
		{5C3E92DC-720F-B2A4-EF25-9B35B7478824}.Release|Any CPU.ActiveCfg = Release|Any CPU
		{5C3E92DC-720F-B2A4-EF25-9B35B7478824}.Release|Any CPU.Build.0 = Release|Any CPU
	EndGlobalSection
	GlobalSection(SolutionProperties) = preSolution
		HideSolutionNode = FALSE
	EndGlobalSection
EndGlobal
